
Microsoft Visual Studio Solution File, Format Version 12.00
# Visual Studio 14
VisualStudioVersion = 14.0.25420.1
MinimumVisualStudioVersion = 10.0.40219.1
Project("{F2A71F9B-5D33-465A-A702-920D77279786}") = "Home", "Home\Home.fsproj", "{ED96DD4B-2D0D-42DD-BF63-8CD175BB4A45}"
EndProject
Project("{2150E333-8FDC-42A3-9474-1A3956D46DE8}") = "Testing", "Testing", "{A6C0D03F-1028-4689-B1EE-9358F51F7E56}"
EndProject
Project("{F2A71F9B-5D33-465A-A702-920D77279786}") = "Core", "Core\Core.fsproj", "{5BDBF0CC-DD0D-4C07-A94F-E199819D8184}"
EndProject
Project("{F2A71F9B-5D33-465A-A702-920D77279786}") = "TestAPI", "TestAPI\TestAPI.fsproj", "{BAED6479-EC26-45E2-8840-19FA09AF6DD8}"
EndProject
Project("{F2A71F9B-5D33-465A-A702-920D77279786}") = "ManageTrades", "ManageTrades\ManageTrades.fsproj", "{8B7B5533-3360-4AEE-A4FB-8516A74FD8FE}"
	ProjectSection(ProjectDependencies) = postProject
		{6FB37301-D4B6-4360-8953-FB98AE496DCE} = {6FB37301-D4B6-4360-8953-FB98AE496DCE}
	EndProjectSection
EndProject
Project("{F2A71F9B-5D33-465A-A702-920D77279786}") = "ViewStatements", "ViewStatements\ViewStatements.fsproj", "{7141CD9A-54D0-45EF-82C1-A74BFEC2D7DD}"
EndProject
Project("{F2A71F9B-5D33-465A-A702-920D77279786}") = "Tests", "Tests\Tests.fsproj", "{EC910A61-7FC2-48AB-A9C3-2F310F510412}"
EndProject
Project("{2150E333-8FDC-42A3-9474-1A3956D46DE8}") = "Integration", "Integration", "{C97D2686-928F-497C-81A3-36D05D969ED7}"
EndProject
Project("{F2A71F9B-5D33-465A-A702-920D77279786}") = "Services", "Services\Services.fsproj", "{18D594EE-A3FD-4293-9906-7BAF1F3C12D2}"
EndProject
Project("{F2A71F9B-5D33-465A-A702-920D77279786}") = "Configuration", "Configuration\Configuration.fsproj", "{6FB37301-D4B6-4360-8953-FB98AE496DCE}"
EndProject
Project("{FAE04EC0-301F-11D3-BF4B-00C04F79EFBC}") = "FnTrade.Droid", "FnTrade\FnTrade.Droid\FnTrade.Droid.csproj", "{756F4109-342F-4676-A9C1-50F8426DBC47}"
EndProject
Project("{FAE04EC0-301F-11D3-BF4B-00C04F79EFBC}") = "FnTrade", "FnTrade\FnTrade\FnTrade.csproj", "{82D49208-3907-4642-8705-3D711F7F83D3}"
	ProjectSection(ProjectDependencies) = postProject
		{6FB37301-D4B6-4360-8953-FB98AE496DCE} = {6FB37301-D4B6-4360-8953-FB98AE496DCE}
		{8B7B5533-3360-4AEE-A4FB-8516A74FD8FE} = {8B7B5533-3360-4AEE-A4FB-8516A74FD8FE}
	EndProjectSection
EndProject
Global
	GlobalSection(SolutionConfigurationPlatforms) = preSolution
		Ad-Hoc|Any CPU = Ad-Hoc|Any CPU
		Ad-Hoc|ARM = Ad-Hoc|ARM
		Ad-Hoc|iPhone = Ad-Hoc|iPhone
		Ad-Hoc|iPhoneSimulator = Ad-Hoc|iPhoneSimulator
		Ad-Hoc|x64 = Ad-Hoc|x64
		Ad-Hoc|x86 = Ad-Hoc|x86
		AppStore|Any CPU = AppStore|Any CPU
		AppStore|ARM = AppStore|ARM
		AppStore|iPhone = AppStore|iPhone
		AppStore|iPhoneSimulator = AppStore|iPhoneSimulator
		AppStore|x64 = AppStore|x64
		AppStore|x86 = AppStore|x86
		Debug|Any CPU = Debug|Any CPU
		Debug|ARM = Debug|ARM
		Debug|iPhone = Debug|iPhone
		Debug|iPhoneSimulator = Debug|iPhoneSimulator
		Debug|x64 = Debug|x64
		Debug|x86 = Debug|x86
		Release|Any CPU = Release|Any CPU
		Release|ARM = Release|ARM
		Release|iPhone = Release|iPhone
		Release|iPhoneSimulator = Release|iPhoneSimulator
		Release|x64 = Release|x64
		Release|x86 = Release|x86
	EndGlobalSection
	GlobalSection(ProjectConfigurationPlatforms) = postSolution
		{ED96DD4B-2D0D-42DD-BF63-8CD175BB4A45}.Ad-Hoc|Any CPU.ActiveCfg = Release|Any CPU
		{ED96DD4B-2D0D-42DD-BF63-8CD175BB4A45}.Ad-Hoc|Any CPU.Build.0 = Release|Any CPU
		{ED96DD4B-2D0D-42DD-BF63-8CD175BB4A45}.Ad-Hoc|ARM.ActiveCfg = Release|Any CPU
		{ED96DD4B-2D0D-42DD-BF63-8CD175BB4A45}.Ad-Hoc|ARM.Build.0 = Release|Any CPU
		{ED96DD4B-2D0D-42DD-BF63-8CD175BB4A45}.Ad-Hoc|iPhone.ActiveCfg = Release|Any CPU
		{ED96DD4B-2D0D-42DD-BF63-8CD175BB4A45}.Ad-Hoc|iPhone.Build.0 = Release|Any CPU
		{ED96DD4B-2D0D-42DD-BF63-8CD175BB4A45}.Ad-Hoc|iPhoneSimulator.ActiveCfg = Release|Any CPU
		{ED96DD4B-2D0D-42DD-BF63-8CD175BB4A45}.Ad-Hoc|iPhoneSimulator.Build.0 = Release|Any CPU
		{ED96DD4B-2D0D-42DD-BF63-8CD175BB4A45}.Ad-Hoc|x64.ActiveCfg = Release|Any CPU
		{ED96DD4B-2D0D-42DD-BF63-8CD175BB4A45}.Ad-Hoc|x64.Build.0 = Release|Any CPU
		{ED96DD4B-2D0D-42DD-BF63-8CD175BB4A45}.Ad-Hoc|x86.ActiveCfg = Release|Any CPU
		{ED96DD4B-2D0D-42DD-BF63-8CD175BB4A45}.Ad-Hoc|x86.Build.0 = Release|Any CPU
		{ED96DD4B-2D0D-42DD-BF63-8CD175BB4A45}.AppStore|Any CPU.ActiveCfg = Release|Any CPU
		{ED96DD4B-2D0D-42DD-BF63-8CD175BB4A45}.AppStore|Any CPU.Build.0 = Release|Any CPU
		{ED96DD4B-2D0D-42DD-BF63-8CD175BB4A45}.AppStore|ARM.ActiveCfg = Release|Any CPU
		{ED96DD4B-2D0D-42DD-BF63-8CD175BB4A45}.AppStore|ARM.Build.0 = Release|Any CPU
		{ED96DD4B-2D0D-42DD-BF63-8CD175BB4A45}.AppStore|iPhone.ActiveCfg = Release|Any CPU
		{ED96DD4B-2D0D-42DD-BF63-8CD175BB4A45}.AppStore|iPhone.Build.0 = Release|Any CPU
		{ED96DD4B-2D0D-42DD-BF63-8CD175BB4A45}.AppStore|iPhoneSimulator.ActiveCfg = Release|Any CPU
		{ED96DD4B-2D0D-42DD-BF63-8CD175BB4A45}.AppStore|iPhoneSimulator.Build.0 = Release|Any CPU
		{ED96DD4B-2D0D-42DD-BF63-8CD175BB4A45}.AppStore|x64.ActiveCfg = Release|Any CPU
		{ED96DD4B-2D0D-42DD-BF63-8CD175BB4A45}.AppStore|x64.Build.0 = Release|Any CPU
		{ED96DD4B-2D0D-42DD-BF63-8CD175BB4A45}.AppStore|x86.ActiveCfg = Release|Any CPU
		{ED96DD4B-2D0D-42DD-BF63-8CD175BB4A45}.AppStore|x86.Build.0 = Release|Any CPU
		{ED96DD4B-2D0D-42DD-BF63-8CD175BB4A45}.Debug|Any CPU.ActiveCfg = Debug|Any CPU
		{ED96DD4B-2D0D-42DD-BF63-8CD175BB4A45}.Debug|Any CPU.Build.0 = Debug|Any CPU
		{ED96DD4B-2D0D-42DD-BF63-8CD175BB4A45}.Debug|ARM.ActiveCfg = Debug|Any CPU
		{ED96DD4B-2D0D-42DD-BF63-8CD175BB4A45}.Debug|ARM.Build.0 = Debug|Any CPU
		{ED96DD4B-2D0D-42DD-BF63-8CD175BB4A45}.Debug|iPhone.ActiveCfg = Debug|Any CPU
		{ED96DD4B-2D0D-42DD-BF63-8CD175BB4A45}.Debug|iPhone.Build.0 = Debug|Any CPU
		{ED96DD4B-2D0D-42DD-BF63-8CD175BB4A45}.Debug|iPhoneSimulator.ActiveCfg = Debug|Any CPU
		{ED96DD4B-2D0D-42DD-BF63-8CD175BB4A45}.Debug|iPhoneSimulator.Build.0 = Debug|Any CPU
		{ED96DD4B-2D0D-42DD-BF63-8CD175BB4A45}.Debug|x64.ActiveCfg = Debug|Any CPU
		{ED96DD4B-2D0D-42DD-BF63-8CD175BB4A45}.Debug|x64.Build.0 = Debug|Any CPU
		{ED96DD4B-2D0D-42DD-BF63-8CD175BB4A45}.Debug|x86.ActiveCfg = Debug|Any CPU
		{ED96DD4B-2D0D-42DD-BF63-8CD175BB4A45}.Debug|x86.Build.0 = Debug|Any CPU
		{ED96DD4B-2D0D-42DD-BF63-8CD175BB4A45}.Release|Any CPU.ActiveCfg = Release|Any CPU
		{ED96DD4B-2D0D-42DD-BF63-8CD175BB4A45}.Release|Any CPU.Build.0 = Release|Any CPU
		{ED96DD4B-2D0D-42DD-BF63-8CD175BB4A45}.Release|ARM.ActiveCfg = Release|Any CPU
		{ED96DD4B-2D0D-42DD-BF63-8CD175BB4A45}.Release|ARM.Build.0 = Release|Any CPU
		{ED96DD4B-2D0D-42DD-BF63-8CD175BB4A45}.Release|iPhone.ActiveCfg = Release|Any CPU
		{ED96DD4B-2D0D-42DD-BF63-8CD175BB4A45}.Release|iPhone.Build.0 = Release|Any CPU
		{ED96DD4B-2D0D-42DD-BF63-8CD175BB4A45}.Release|iPhoneSimulator.ActiveCfg = Release|Any CPU
		{ED96DD4B-2D0D-42DD-BF63-8CD175BB4A45}.Release|iPhoneSimulator.Build.0 = Release|Any CPU
		{ED96DD4B-2D0D-42DD-BF63-8CD175BB4A45}.Release|x64.ActiveCfg = Release|Any CPU
		{ED96DD4B-2D0D-42DD-BF63-8CD175BB4A45}.Release|x64.Build.0 = Release|Any CPU
		{ED96DD4B-2D0D-42DD-BF63-8CD175BB4A45}.Release|x86.ActiveCfg = Release|Any CPU
		{ED96DD4B-2D0D-42DD-BF63-8CD175BB4A45}.Release|x86.Build.0 = Release|Any CPU
		{5BDBF0CC-DD0D-4C07-A94F-E199819D8184}.Ad-Hoc|Any CPU.ActiveCfg = Release|Any CPU
		{5BDBF0CC-DD0D-4C07-A94F-E199819D8184}.Ad-Hoc|Any CPU.Build.0 = Release|Any CPU
		{5BDBF0CC-DD0D-4C07-A94F-E199819D8184}.Ad-Hoc|ARM.ActiveCfg = Release|Any CPU
		{5BDBF0CC-DD0D-4C07-A94F-E199819D8184}.Ad-Hoc|ARM.Build.0 = Release|Any CPU
		{5BDBF0CC-DD0D-4C07-A94F-E199819D8184}.Ad-Hoc|iPhone.ActiveCfg = Release|Any CPU
		{5BDBF0CC-DD0D-4C07-A94F-E199819D8184}.Ad-Hoc|iPhone.Build.0 = Release|Any CPU
		{5BDBF0CC-DD0D-4C07-A94F-E199819D8184}.Ad-Hoc|iPhoneSimulator.ActiveCfg = Release|Any CPU
		{5BDBF0CC-DD0D-4C07-A94F-E199819D8184}.Ad-Hoc|iPhoneSimulator.Build.0 = Release|Any CPU
		{5BDBF0CC-DD0D-4C07-A94F-E199819D8184}.Ad-Hoc|x64.ActiveCfg = Release|Any CPU
		{5BDBF0CC-DD0D-4C07-A94F-E199819D8184}.Ad-Hoc|x64.Build.0 = Release|Any CPU
		{5BDBF0CC-DD0D-4C07-A94F-E199819D8184}.Ad-Hoc|x86.ActiveCfg = Release|Any CPU
		{5BDBF0CC-DD0D-4C07-A94F-E199819D8184}.Ad-Hoc|x86.Build.0 = Release|Any CPU
		{5BDBF0CC-DD0D-4C07-A94F-E199819D8184}.AppStore|Any CPU.ActiveCfg = Release|Any CPU
		{5BDBF0CC-DD0D-4C07-A94F-E199819D8184}.AppStore|Any CPU.Build.0 = Release|Any CPU
		{5BDBF0CC-DD0D-4C07-A94F-E199819D8184}.AppStore|ARM.ActiveCfg = Release|Any CPU
		{5BDBF0CC-DD0D-4C07-A94F-E199819D8184}.AppStore|ARM.Build.0 = Release|Any CPU
		{5BDBF0CC-DD0D-4C07-A94F-E199819D8184}.AppStore|iPhone.ActiveCfg = Release|Any CPU
		{5BDBF0CC-DD0D-4C07-A94F-E199819D8184}.AppStore|iPhone.Build.0 = Release|Any CPU
		{5BDBF0CC-DD0D-4C07-A94F-E199819D8184}.AppStore|iPhoneSimulator.ActiveCfg = Release|Any CPU
		{5BDBF0CC-DD0D-4C07-A94F-E199819D8184}.AppStore|iPhoneSimulator.Build.0 = Release|Any CPU
		{5BDBF0CC-DD0D-4C07-A94F-E199819D8184}.AppStore|x64.ActiveCfg = Release|Any CPU
		{5BDBF0CC-DD0D-4C07-A94F-E199819D8184}.AppStore|x64.Build.0 = Release|Any CPU
		{5BDBF0CC-DD0D-4C07-A94F-E199819D8184}.AppStore|x86.ActiveCfg = Release|Any CPU
		{5BDBF0CC-DD0D-4C07-A94F-E199819D8184}.AppStore|x86.Build.0 = Release|Any CPU
		{5BDBF0CC-DD0D-4C07-A94F-E199819D8184}.Debug|Any CPU.ActiveCfg = Debug|Any CPU
		{5BDBF0CC-DD0D-4C07-A94F-E199819D8184}.Debug|Any CPU.Build.0 = Debug|Any CPU
		{5BDBF0CC-DD0D-4C07-A94F-E199819D8184}.Debug|ARM.ActiveCfg = Debug|Any CPU
		{5BDBF0CC-DD0D-4C07-A94F-E199819D8184}.Debug|ARM.Build.0 = Debug|Any CPU
		{5BDBF0CC-DD0D-4C07-A94F-E199819D8184}.Debug|iPhone.ActiveCfg = Debug|Any CPU
		{5BDBF0CC-DD0D-4C07-A94F-E199819D8184}.Debug|iPhone.Build.0 = Debug|Any CPU
		{5BDBF0CC-DD0D-4C07-A94F-E199819D8184}.Debug|iPhoneSimulator.ActiveCfg = Debug|Any CPU
		{5BDBF0CC-DD0D-4C07-A94F-E199819D8184}.Debug|iPhoneSimulator.Build.0 = Debug|Any CPU
		{5BDBF0CC-DD0D-4C07-A94F-E199819D8184}.Debug|x64.ActiveCfg = Debug|Any CPU
		{5BDBF0CC-DD0D-4C07-A94F-E199819D8184}.Debug|x64.Build.0 = Debug|Any CPU
		{5BDBF0CC-DD0D-4C07-A94F-E199819D8184}.Debug|x86.ActiveCfg = Debug|Any CPU
		{5BDBF0CC-DD0D-4C07-A94F-E199819D8184}.Debug|x86.Build.0 = Debug|Any CPU
		{5BDBF0CC-DD0D-4C07-A94F-E199819D8184}.Release|Any CPU.ActiveCfg = Release|Any CPU
		{5BDBF0CC-DD0D-4C07-A94F-E199819D8184}.Release|Any CPU.Build.0 = Release|Any CPU
		{5BDBF0CC-DD0D-4C07-A94F-E199819D8184}.Release|ARM.ActiveCfg = Release|Any CPU
		{5BDBF0CC-DD0D-4C07-A94F-E199819D8184}.Release|ARM.Build.0 = Release|Any CPU
		{5BDBF0CC-DD0D-4C07-A94F-E199819D8184}.Release|iPhone.ActiveCfg = Release|Any CPU
		{5BDBF0CC-DD0D-4C07-A94F-E199819D8184}.Release|iPhone.Build.0 = Release|Any CPU
		{5BDBF0CC-DD0D-4C07-A94F-E199819D8184}.Release|iPhoneSimulator.ActiveCfg = Release|Any CPU
		{5BDBF0CC-DD0D-4C07-A94F-E199819D8184}.Release|iPhoneSimulator.Build.0 = Release|Any CPU
		{5BDBF0CC-DD0D-4C07-A94F-E199819D8184}.Release|x64.ActiveCfg = Release|Any CPU
		{5BDBF0CC-DD0D-4C07-A94F-E199819D8184}.Release|x64.Build.0 = Release|Any CPU
		{5BDBF0CC-DD0D-4C07-A94F-E199819D8184}.Release|x86.ActiveCfg = Release|Any CPU
		{5BDBF0CC-DD0D-4C07-A94F-E199819D8184}.Release|x86.Build.0 = Release|Any CPU
		{BAED6479-EC26-45E2-8840-19FA09AF6DD8}.Ad-Hoc|Any CPU.ActiveCfg = Release|Any CPU
		{BAED6479-EC26-45E2-8840-19FA09AF6DD8}.Ad-Hoc|Any CPU.Build.0 = Release|Any CPU
		{BAED6479-EC26-45E2-8840-19FA09AF6DD8}.Ad-Hoc|ARM.ActiveCfg = Release|Any CPU
		{BAED6479-EC26-45E2-8840-19FA09AF6DD8}.Ad-Hoc|ARM.Build.0 = Release|Any CPU
		{BAED6479-EC26-45E2-8840-19FA09AF6DD8}.Ad-Hoc|iPhone.ActiveCfg = Release|Any CPU
		{BAED6479-EC26-45E2-8840-19FA09AF6DD8}.Ad-Hoc|iPhone.Build.0 = Release|Any CPU
		{BAED6479-EC26-45E2-8840-19FA09AF6DD8}.Ad-Hoc|iPhoneSimulator.ActiveCfg = Release|Any CPU
		{BAED6479-EC26-45E2-8840-19FA09AF6DD8}.Ad-Hoc|iPhoneSimulator.Build.0 = Release|Any CPU
		{BAED6479-EC26-45E2-8840-19FA09AF6DD8}.Ad-Hoc|x64.ActiveCfg = Release|Any CPU
		{BAED6479-EC26-45E2-8840-19FA09AF6DD8}.Ad-Hoc|x64.Build.0 = Release|Any CPU
		{BAED6479-EC26-45E2-8840-19FA09AF6DD8}.Ad-Hoc|x86.ActiveCfg = Release|Any CPU
		{BAED6479-EC26-45E2-8840-19FA09AF6DD8}.Ad-Hoc|x86.Build.0 = Release|Any CPU
		{BAED6479-EC26-45E2-8840-19FA09AF6DD8}.AppStore|Any CPU.ActiveCfg = Release|Any CPU
		{BAED6479-EC26-45E2-8840-19FA09AF6DD8}.AppStore|Any CPU.Build.0 = Release|Any CPU
		{BAED6479-EC26-45E2-8840-19FA09AF6DD8}.AppStore|ARM.ActiveCfg = Release|Any CPU
		{BAED6479-EC26-45E2-8840-19FA09AF6DD8}.AppStore|ARM.Build.0 = Release|Any CPU
		{BAED6479-EC26-45E2-8840-19FA09AF6DD8}.AppStore|iPhone.ActiveCfg = Release|Any CPU
		{BAED6479-EC26-45E2-8840-19FA09AF6DD8}.AppStore|iPhone.Build.0 = Release|Any CPU
		{BAED6479-EC26-45E2-8840-19FA09AF6DD8}.AppStore|iPhoneSimulator.ActiveCfg = Release|Any CPU
		{BAED6479-EC26-45E2-8840-19FA09AF6DD8}.AppStore|iPhoneSimulator.Build.0 = Release|Any CPU
		{BAED6479-EC26-45E2-8840-19FA09AF6DD8}.AppStore|x64.ActiveCfg = Release|Any CPU
		{BAED6479-EC26-45E2-8840-19FA09AF6DD8}.AppStore|x64.Build.0 = Release|Any CPU
		{BAED6479-EC26-45E2-8840-19FA09AF6DD8}.AppStore|x86.ActiveCfg = Release|Any CPU
		{BAED6479-EC26-45E2-8840-19FA09AF6DD8}.AppStore|x86.Build.0 = Release|Any CPU
		{BAED6479-EC26-45E2-8840-19FA09AF6DD8}.Debug|Any CPU.ActiveCfg = Debug|Any CPU
		{BAED6479-EC26-45E2-8840-19FA09AF6DD8}.Debug|Any CPU.Build.0 = Debug|Any CPU
		{BAED6479-EC26-45E2-8840-19FA09AF6DD8}.Debug|ARM.ActiveCfg = Debug|Any CPU
		{BAED6479-EC26-45E2-8840-19FA09AF6DD8}.Debug|ARM.Build.0 = Debug|Any CPU
		{BAED6479-EC26-45E2-8840-19FA09AF6DD8}.Debug|iPhone.ActiveCfg = Debug|Any CPU
		{BAED6479-EC26-45E2-8840-19FA09AF6DD8}.Debug|iPhone.Build.0 = Debug|Any CPU
		{BAED6479-EC26-45E2-8840-19FA09AF6DD8}.Debug|iPhoneSimulator.ActiveCfg = Debug|Any CPU
		{BAED6479-EC26-45E2-8840-19FA09AF6DD8}.Debug|iPhoneSimulator.Build.0 = Debug|Any CPU
		{BAED6479-EC26-45E2-8840-19FA09AF6DD8}.Debug|x64.ActiveCfg = Debug|Any CPU
		{BAED6479-EC26-45E2-8840-19FA09AF6DD8}.Debug|x64.Build.0 = Debug|Any CPU
		{BAED6479-EC26-45E2-8840-19FA09AF6DD8}.Debug|x86.ActiveCfg = Debug|Any CPU
		{BAED6479-EC26-45E2-8840-19FA09AF6DD8}.Debug|x86.Build.0 = Debug|Any CPU
		{BAED6479-EC26-45E2-8840-19FA09AF6DD8}.Release|Any CPU.ActiveCfg = Release|Any CPU
		{BAED6479-EC26-45E2-8840-19FA09AF6DD8}.Release|Any CPU.Build.0 = Release|Any CPU
		{BAED6479-EC26-45E2-8840-19FA09AF6DD8}.Release|ARM.ActiveCfg = Release|Any CPU
		{BAED6479-EC26-45E2-8840-19FA09AF6DD8}.Release|ARM.Build.0 = Release|Any CPU
		{BAED6479-EC26-45E2-8840-19FA09AF6DD8}.Release|iPhone.ActiveCfg = Release|Any CPU
		{BAED6479-EC26-45E2-8840-19FA09AF6DD8}.Release|iPhone.Build.0 = Release|Any CPU
		{BAED6479-EC26-45E2-8840-19FA09AF6DD8}.Release|iPhoneSimulator.ActiveCfg = Release|Any CPU
		{BAED6479-EC26-45E2-8840-19FA09AF6DD8}.Release|iPhoneSimulator.Build.0 = Release|Any CPU
		{BAED6479-EC26-45E2-8840-19FA09AF6DD8}.Release|x64.ActiveCfg = Release|Any CPU
		{BAED6479-EC26-45E2-8840-19FA09AF6DD8}.Release|x64.Build.0 = Release|Any CPU
		{BAED6479-EC26-45E2-8840-19FA09AF6DD8}.Release|x86.ActiveCfg = Release|Any CPU
		{BAED6479-EC26-45E2-8840-19FA09AF6DD8}.Release|x86.Build.0 = Release|Any CPU
		{8B7B5533-3360-4AEE-A4FB-8516A74FD8FE}.Ad-Hoc|Any CPU.ActiveCfg = Release|Any CPU
		{8B7B5533-3360-4AEE-A4FB-8516A74FD8FE}.Ad-Hoc|Any CPU.Build.0 = Release|Any CPU
		{8B7B5533-3360-4AEE-A4FB-8516A74FD8FE}.Ad-Hoc|ARM.ActiveCfg = Release|Any CPU
		{8B7B5533-3360-4AEE-A4FB-8516A74FD8FE}.Ad-Hoc|ARM.Build.0 = Release|Any CPU
		{8B7B5533-3360-4AEE-A4FB-8516A74FD8FE}.Ad-Hoc|iPhone.ActiveCfg = Release|Any CPU
		{8B7B5533-3360-4AEE-A4FB-8516A74FD8FE}.Ad-Hoc|iPhone.Build.0 = Release|Any CPU
		{8B7B5533-3360-4AEE-A4FB-8516A74FD8FE}.Ad-Hoc|iPhoneSimulator.ActiveCfg = Release|Any CPU
		{8B7B5533-3360-4AEE-A4FB-8516A74FD8FE}.Ad-Hoc|iPhoneSimulator.Build.0 = Release|Any CPU
		{8B7B5533-3360-4AEE-A4FB-8516A74FD8FE}.Ad-Hoc|x64.ActiveCfg = Release|Any CPU
		{8B7B5533-3360-4AEE-A4FB-8516A74FD8FE}.Ad-Hoc|x64.Build.0 = Release|Any CPU
		{8B7B5533-3360-4AEE-A4FB-8516A74FD8FE}.Ad-Hoc|x86.ActiveCfg = Release|Any CPU
		{8B7B5533-3360-4AEE-A4FB-8516A74FD8FE}.Ad-Hoc|x86.Build.0 = Release|Any CPU
		{8B7B5533-3360-4AEE-A4FB-8516A74FD8FE}.AppStore|Any CPU.ActiveCfg = Release|Any CPU
		{8B7B5533-3360-4AEE-A4FB-8516A74FD8FE}.AppStore|Any CPU.Build.0 = Release|Any CPU
		{8B7B5533-3360-4AEE-A4FB-8516A74FD8FE}.AppStore|ARM.ActiveCfg = Release|Any CPU
		{8B7B5533-3360-4AEE-A4FB-8516A74FD8FE}.AppStore|ARM.Build.0 = Release|Any CPU
		{8B7B5533-3360-4AEE-A4FB-8516A74FD8FE}.AppStore|iPhone.ActiveCfg = Release|Any CPU
		{8B7B5533-3360-4AEE-A4FB-8516A74FD8FE}.AppStore|iPhone.Build.0 = Release|Any CPU
		{8B7B5533-3360-4AEE-A4FB-8516A74FD8FE}.AppStore|iPhoneSimulator.ActiveCfg = Release|Any CPU
		{8B7B5533-3360-4AEE-A4FB-8516A74FD8FE}.AppStore|iPhoneSimulator.Build.0 = Release|Any CPU
		{8B7B5533-3360-4AEE-A4FB-8516A74FD8FE}.AppStore|x64.ActiveCfg = Release|Any CPU
		{8B7B5533-3360-4AEE-A4FB-8516A74FD8FE}.AppStore|x64.Build.0 = Release|Any CPU
		{8B7B5533-3360-4AEE-A4FB-8516A74FD8FE}.AppStore|x86.ActiveCfg = Release|Any CPU
		{8B7B5533-3360-4AEE-A4FB-8516A74FD8FE}.AppStore|x86.Build.0 = Release|Any CPU
		{8B7B5533-3360-4AEE-A4FB-8516A74FD8FE}.Debug|Any CPU.ActiveCfg = Debug|Any CPU
		{8B7B5533-3360-4AEE-A4FB-8516A74FD8FE}.Debug|Any CPU.Build.0 = Debug|Any CPU
		{8B7B5533-3360-4AEE-A4FB-8516A74FD8FE}.Debug|ARM.ActiveCfg = Debug|Any CPU
		{8B7B5533-3360-4AEE-A4FB-8516A74FD8FE}.Debug|ARM.Build.0 = Debug|Any CPU
		{8B7B5533-3360-4AEE-A4FB-8516A74FD8FE}.Debug|iPhone.ActiveCfg = Debug|Any CPU
		{8B7B5533-3360-4AEE-A4FB-8516A74FD8FE}.Debug|iPhone.Build.0 = Debug|Any CPU
		{8B7B5533-3360-4AEE-A4FB-8516A74FD8FE}.Debug|iPhoneSimulator.ActiveCfg = Debug|Any CPU
		{8B7B5533-3360-4AEE-A4FB-8516A74FD8FE}.Debug|iPhoneSimulator.Build.0 = Debug|Any CPU
		{8B7B5533-3360-4AEE-A4FB-8516A74FD8FE}.Debug|x64.ActiveCfg = Debug|Any CPU
		{8B7B5533-3360-4AEE-A4FB-8516A74FD8FE}.Debug|x64.Build.0 = Debug|Any CPU
		{8B7B5533-3360-4AEE-A4FB-8516A74FD8FE}.Debug|x86.ActiveCfg = Debug|Any CPU
		{8B7B5533-3360-4AEE-A4FB-8516A74FD8FE}.Debug|x86.Build.0 = Debug|Any CPU
		{8B7B5533-3360-4AEE-A4FB-8516A74FD8FE}.Release|Any CPU.ActiveCfg = Release|Any CPU
		{8B7B5533-3360-4AEE-A4FB-8516A74FD8FE}.Release|Any CPU.Build.0 = Release|Any CPU
		{8B7B5533-3360-4AEE-A4FB-8516A74FD8FE}.Release|ARM.ActiveCfg = Release|Any CPU
		{8B7B5533-3360-4AEE-A4FB-8516A74FD8FE}.Release|ARM.Build.0 = Release|Any CPU
		{8B7B5533-3360-4AEE-A4FB-8516A74FD8FE}.Release|iPhone.ActiveCfg = Release|Any CPU
		{8B7B5533-3360-4AEE-A4FB-8516A74FD8FE}.Release|iPhone.Build.0 = Release|Any CPU
		{8B7B5533-3360-4AEE-A4FB-8516A74FD8FE}.Release|iPhoneSimulator.ActiveCfg = Release|Any CPU
		{8B7B5533-3360-4AEE-A4FB-8516A74FD8FE}.Release|iPhoneSimulator.Build.0 = Release|Any CPU
		{8B7B5533-3360-4AEE-A4FB-8516A74FD8FE}.Release|x64.ActiveCfg = Release|Any CPU
		{8B7B5533-3360-4AEE-A4FB-8516A74FD8FE}.Release|x64.Build.0 = Release|Any CPU
		{8B7B5533-3360-4AEE-A4FB-8516A74FD8FE}.Release|x86.ActiveCfg = Release|Any CPU
		{8B7B5533-3360-4AEE-A4FB-8516A74FD8FE}.Release|x86.Build.0 = Release|Any CPU
		{7141CD9A-54D0-45EF-82C1-A74BFEC2D7DD}.Ad-Hoc|Any CPU.ActiveCfg = Release|Any CPU
		{7141CD9A-54D0-45EF-82C1-A74BFEC2D7DD}.Ad-Hoc|Any CPU.Build.0 = Release|Any CPU
		{7141CD9A-54D0-45EF-82C1-A74BFEC2D7DD}.Ad-Hoc|ARM.ActiveCfg = Release|Any CPU
		{7141CD9A-54D0-45EF-82C1-A74BFEC2D7DD}.Ad-Hoc|ARM.Build.0 = Release|Any CPU
		{7141CD9A-54D0-45EF-82C1-A74BFEC2D7DD}.Ad-Hoc|iPhone.ActiveCfg = Release|Any CPU
		{7141CD9A-54D0-45EF-82C1-A74BFEC2D7DD}.Ad-Hoc|iPhone.Build.0 = Release|Any CPU
		{7141CD9A-54D0-45EF-82C1-A74BFEC2D7DD}.Ad-Hoc|iPhoneSimulator.ActiveCfg = Release|Any CPU
		{7141CD9A-54D0-45EF-82C1-A74BFEC2D7DD}.Ad-Hoc|iPhoneSimulator.Build.0 = Release|Any CPU
		{7141CD9A-54D0-45EF-82C1-A74BFEC2D7DD}.Ad-Hoc|x64.ActiveCfg = Release|Any CPU
		{7141CD9A-54D0-45EF-82C1-A74BFEC2D7DD}.Ad-Hoc|x64.Build.0 = Release|Any CPU
		{7141CD9A-54D0-45EF-82C1-A74BFEC2D7DD}.Ad-Hoc|x86.ActiveCfg = Release|Any CPU
		{7141CD9A-54D0-45EF-82C1-A74BFEC2D7DD}.Ad-Hoc|x86.Build.0 = Release|Any CPU
		{7141CD9A-54D0-45EF-82C1-A74BFEC2D7DD}.AppStore|Any CPU.ActiveCfg = Release|Any CPU
		{7141CD9A-54D0-45EF-82C1-A74BFEC2D7DD}.AppStore|Any CPU.Build.0 = Release|Any CPU
		{7141CD9A-54D0-45EF-82C1-A74BFEC2D7DD}.AppStore|ARM.ActiveCfg = Release|Any CPU
		{7141CD9A-54D0-45EF-82C1-A74BFEC2D7DD}.AppStore|ARM.Build.0 = Release|Any CPU
		{7141CD9A-54D0-45EF-82C1-A74BFEC2D7DD}.AppStore|iPhone.ActiveCfg = Release|Any CPU
		{7141CD9A-54D0-45EF-82C1-A74BFEC2D7DD}.AppStore|iPhone.Build.0 = Release|Any CPU
		{7141CD9A-54D0-45EF-82C1-A74BFEC2D7DD}.AppStore|iPhoneSimulator.ActiveCfg = Release|Any CPU
		{7141CD9A-54D0-45EF-82C1-A74BFEC2D7DD}.AppStore|iPhoneSimulator.Build.0 = Release|Any CPU
		{7141CD9A-54D0-45EF-82C1-A74BFEC2D7DD}.AppStore|x64.ActiveCfg = Release|Any CPU
		{7141CD9A-54D0-45EF-82C1-A74BFEC2D7DD}.AppStore|x64.Build.0 = Release|Any CPU
		{7141CD9A-54D0-45EF-82C1-A74BFEC2D7DD}.AppStore|x86.ActiveCfg = Release|Any CPU
		{7141CD9A-54D0-45EF-82C1-A74BFEC2D7DD}.AppStore|x86.Build.0 = Release|Any CPU
		{7141CD9A-54D0-45EF-82C1-A74BFEC2D7DD}.Debug|Any CPU.ActiveCfg = Debug|Any CPU
		{7141CD9A-54D0-45EF-82C1-A74BFEC2D7DD}.Debug|Any CPU.Build.0 = Debug|Any CPU
		{7141CD9A-54D0-45EF-82C1-A74BFEC2D7DD}.Debug|ARM.ActiveCfg = Debug|Any CPU
		{7141CD9A-54D0-45EF-82C1-A74BFEC2D7DD}.Debug|ARM.Build.0 = Debug|Any CPU
		{7141CD9A-54D0-45EF-82C1-A74BFEC2D7DD}.Debug|iPhone.ActiveCfg = Debug|Any CPU
		{7141CD9A-54D0-45EF-82C1-A74BFEC2D7DD}.Debug|iPhone.Build.0 = Debug|Any CPU
		{7141CD9A-54D0-45EF-82C1-A74BFEC2D7DD}.Debug|iPhoneSimulator.ActiveCfg = Debug|Any CPU
		{7141CD9A-54D0-45EF-82C1-A74BFEC2D7DD}.Debug|iPhoneSimulator.Build.0 = Debug|Any CPU
		{7141CD9A-54D0-45EF-82C1-A74BFEC2D7DD}.Debug|x64.ActiveCfg = Debug|Any CPU
		{7141CD9A-54D0-45EF-82C1-A74BFEC2D7DD}.Debug|x64.Build.0 = Debug|Any CPU
		{7141CD9A-54D0-45EF-82C1-A74BFEC2D7DD}.Debug|x86.ActiveCfg = Debug|Any CPU
		{7141CD9A-54D0-45EF-82C1-A74BFEC2D7DD}.Debug|x86.Build.0 = Debug|Any CPU
		{7141CD9A-54D0-45EF-82C1-A74BFEC2D7DD}.Release|Any CPU.ActiveCfg = Release|Any CPU
		{7141CD9A-54D0-45EF-82C1-A74BFEC2D7DD}.Release|Any CPU.Build.0 = Release|Any CPU
		{7141CD9A-54D0-45EF-82C1-A74BFEC2D7DD}.Release|ARM.ActiveCfg = Release|Any CPU
		{7141CD9A-54D0-45EF-82C1-A74BFEC2D7DD}.Release|ARM.Build.0 = Release|Any CPU
		{7141CD9A-54D0-45EF-82C1-A74BFEC2D7DD}.Release|iPhone.ActiveCfg = Release|Any CPU
		{7141CD9A-54D0-45EF-82C1-A74BFEC2D7DD}.Release|iPhone.Build.0 = Release|Any CPU
		{7141CD9A-54D0-45EF-82C1-A74BFEC2D7DD}.Release|iPhoneSimulator.ActiveCfg = Release|Any CPU
		{7141CD9A-54D0-45EF-82C1-A74BFEC2D7DD}.Release|iPhoneSimulator.Build.0 = Release|Any CPU
		{7141CD9A-54D0-45EF-82C1-A74BFEC2D7DD}.Release|x64.ActiveCfg = Release|Any CPU
		{7141CD9A-54D0-45EF-82C1-A74BFEC2D7DD}.Release|x64.Build.0 = Release|Any CPU
		{7141CD9A-54D0-45EF-82C1-A74BFEC2D7DD}.Release|x86.ActiveCfg = Release|Any CPU
		{7141CD9A-54D0-45EF-82C1-A74BFEC2D7DD}.Release|x86.Build.0 = Release|Any CPU
		{EC910A61-7FC2-48AB-A9C3-2F310F510412}.Ad-Hoc|Any CPU.ActiveCfg = Release|Any CPU
		{EC910A61-7FC2-48AB-A9C3-2F310F510412}.Ad-Hoc|Any CPU.Build.0 = Release|Any CPU
		{EC910A61-7FC2-48AB-A9C3-2F310F510412}.Ad-Hoc|ARM.ActiveCfg = Release|Any CPU
		{EC910A61-7FC2-48AB-A9C3-2F310F510412}.Ad-Hoc|ARM.Build.0 = Release|Any CPU
		{EC910A61-7FC2-48AB-A9C3-2F310F510412}.Ad-Hoc|iPhone.ActiveCfg = Release|Any CPU
		{EC910A61-7FC2-48AB-A9C3-2F310F510412}.Ad-Hoc|iPhone.Build.0 = Release|Any CPU
		{EC910A61-7FC2-48AB-A9C3-2F310F510412}.Ad-Hoc|iPhoneSimulator.ActiveCfg = Release|Any CPU
		{EC910A61-7FC2-48AB-A9C3-2F310F510412}.Ad-Hoc|iPhoneSimulator.Build.0 = Release|Any CPU
		{EC910A61-7FC2-48AB-A9C3-2F310F510412}.Ad-Hoc|x64.ActiveCfg = Release|Any CPU
		{EC910A61-7FC2-48AB-A9C3-2F310F510412}.Ad-Hoc|x64.Build.0 = Release|Any CPU
		{EC910A61-7FC2-48AB-A9C3-2F310F510412}.Ad-Hoc|x86.ActiveCfg = Release|Any CPU
		{EC910A61-7FC2-48AB-A9C3-2F310F510412}.Ad-Hoc|x86.Build.0 = Release|Any CPU
		{EC910A61-7FC2-48AB-A9C3-2F310F510412}.AppStore|Any CPU.ActiveCfg = Release|Any CPU
		{EC910A61-7FC2-48AB-A9C3-2F310F510412}.AppStore|Any CPU.Build.0 = Release|Any CPU
		{EC910A61-7FC2-48AB-A9C3-2F310F510412}.AppStore|ARM.ActiveCfg = Release|Any CPU
		{EC910A61-7FC2-48AB-A9C3-2F310F510412}.AppStore|ARM.Build.0 = Release|Any CPU
		{EC910A61-7FC2-48AB-A9C3-2F310F510412}.AppStore|iPhone.ActiveCfg = Release|Any CPU
		{EC910A61-7FC2-48AB-A9C3-2F310F510412}.AppStore|iPhone.Build.0 = Release|Any CPU
		{EC910A61-7FC2-48AB-A9C3-2F310F510412}.AppStore|iPhoneSimulator.ActiveCfg = Release|Any CPU
		{EC910A61-7FC2-48AB-A9C3-2F310F510412}.AppStore|iPhoneSimulator.Build.0 = Release|Any CPU
		{EC910A61-7FC2-48AB-A9C3-2F310F510412}.AppStore|x64.ActiveCfg = Release|Any CPU
		{EC910A61-7FC2-48AB-A9C3-2F310F510412}.AppStore|x64.Build.0 = Release|Any CPU
		{EC910A61-7FC2-48AB-A9C3-2F310F510412}.AppStore|x86.ActiveCfg = Release|Any CPU
		{EC910A61-7FC2-48AB-A9C3-2F310F510412}.AppStore|x86.Build.0 = Release|Any CPU
		{EC910A61-7FC2-48AB-A9C3-2F310F510412}.Debug|Any CPU.ActiveCfg = Debug|Any CPU
		{EC910A61-7FC2-48AB-A9C3-2F310F510412}.Debug|Any CPU.Build.0 = Debug|Any CPU
		{EC910A61-7FC2-48AB-A9C3-2F310F510412}.Debug|ARM.ActiveCfg = Debug|Any CPU
		{EC910A61-7FC2-48AB-A9C3-2F310F510412}.Debug|ARM.Build.0 = Debug|Any CPU
		{EC910A61-7FC2-48AB-A9C3-2F310F510412}.Debug|iPhone.ActiveCfg = Debug|Any CPU
		{EC910A61-7FC2-48AB-A9C3-2F310F510412}.Debug|iPhone.Build.0 = Debug|Any CPU
		{EC910A61-7FC2-48AB-A9C3-2F310F510412}.Debug|iPhoneSimulator.ActiveCfg = Debug|Any CPU
		{EC910A61-7FC2-48AB-A9C3-2F310F510412}.Debug|iPhoneSimulator.Build.0 = Debug|Any CPU
		{EC910A61-7FC2-48AB-A9C3-2F310F510412}.Debug|x64.ActiveCfg = Debug|Any CPU
		{EC910A61-7FC2-48AB-A9C3-2F310F510412}.Debug|x64.Build.0 = Debug|Any CPU
		{EC910A61-7FC2-48AB-A9C3-2F310F510412}.Debug|x86.ActiveCfg = Debug|Any CPU
		{EC910A61-7FC2-48AB-A9C3-2F310F510412}.Debug|x86.Build.0 = Debug|Any CPU
		{EC910A61-7FC2-48AB-A9C3-2F310F510412}.Release|Any CPU.ActiveCfg = Release|Any CPU
		{EC910A61-7FC2-48AB-A9C3-2F310F510412}.Release|Any CPU.Build.0 = Release|Any CPU
		{EC910A61-7FC2-48AB-A9C3-2F310F510412}.Release|ARM.ActiveCfg = Release|Any CPU
		{EC910A61-7FC2-48AB-A9C3-2F310F510412}.Release|ARM.Build.0 = Release|Any CPU
		{EC910A61-7FC2-48AB-A9C3-2F310F510412}.Release|iPhone.ActiveCfg = Release|Any CPU
		{EC910A61-7FC2-48AB-A9C3-2F310F510412}.Release|iPhone.Build.0 = Release|Any CPU
		{EC910A61-7FC2-48AB-A9C3-2F310F510412}.Release|iPhoneSimulator.ActiveCfg = Release|Any CPU
		{EC910A61-7FC2-48AB-A9C3-2F310F510412}.Release|iPhoneSimulator.Build.0 = Release|Any CPU
		{EC910A61-7FC2-48AB-A9C3-2F310F510412}.Release|x64.ActiveCfg = Release|Any CPU
		{EC910A61-7FC2-48AB-A9C3-2F310F510412}.Release|x64.Build.0 = Release|Any CPU
		{EC910A61-7FC2-48AB-A9C3-2F310F510412}.Release|x86.ActiveCfg = Release|Any CPU
		{EC910A61-7FC2-48AB-A9C3-2F310F510412}.Release|x86.Build.0 = Release|Any CPU
		{18D594EE-A3FD-4293-9906-7BAF1F3C12D2}.Ad-Hoc|Any CPU.ActiveCfg = Release|Any CPU
		{18D594EE-A3FD-4293-9906-7BAF1F3C12D2}.Ad-Hoc|Any CPU.Build.0 = Release|Any CPU
		{18D594EE-A3FD-4293-9906-7BAF1F3C12D2}.Ad-Hoc|ARM.ActiveCfg = Release|Any CPU
		{18D594EE-A3FD-4293-9906-7BAF1F3C12D2}.Ad-Hoc|ARM.Build.0 = Release|Any CPU
		{18D594EE-A3FD-4293-9906-7BAF1F3C12D2}.Ad-Hoc|iPhone.ActiveCfg = Release|Any CPU
		{18D594EE-A3FD-4293-9906-7BAF1F3C12D2}.Ad-Hoc|iPhone.Build.0 = Release|Any CPU
		{18D594EE-A3FD-4293-9906-7BAF1F3C12D2}.Ad-Hoc|iPhoneSimulator.ActiveCfg = Release|Any CPU
		{18D594EE-A3FD-4293-9906-7BAF1F3C12D2}.Ad-Hoc|iPhoneSimulator.Build.0 = Release|Any CPU
		{18D594EE-A3FD-4293-9906-7BAF1F3C12D2}.Ad-Hoc|x64.ActiveCfg = Release|Any CPU
		{18D594EE-A3FD-4293-9906-7BAF1F3C12D2}.Ad-Hoc|x64.Build.0 = Release|Any CPU
		{18D594EE-A3FD-4293-9906-7BAF1F3C12D2}.Ad-Hoc|x86.ActiveCfg = Release|Any CPU
		{18D594EE-A3FD-4293-9906-7BAF1F3C12D2}.Ad-Hoc|x86.Build.0 = Release|Any CPU
		{18D594EE-A3FD-4293-9906-7BAF1F3C12D2}.AppStore|Any CPU.ActiveCfg = Release|Any CPU
		{18D594EE-A3FD-4293-9906-7BAF1F3C12D2}.AppStore|Any CPU.Build.0 = Release|Any CPU
		{18D594EE-A3FD-4293-9906-7BAF1F3C12D2}.AppStore|ARM.ActiveCfg = Release|Any CPU
		{18D594EE-A3FD-4293-9906-7BAF1F3C12D2}.AppStore|ARM.Build.0 = Release|Any CPU
		{18D594EE-A3FD-4293-9906-7BAF1F3C12D2}.AppStore|iPhone.ActiveCfg = Release|Any CPU
		{18D594EE-A3FD-4293-9906-7BAF1F3C12D2}.AppStore|iPhone.Build.0 = Release|Any CPU
		{18D594EE-A3FD-4293-9906-7BAF1F3C12D2}.AppStore|iPhoneSimulator.ActiveCfg = Release|Any CPU
		{18D594EE-A3FD-4293-9906-7BAF1F3C12D2}.AppStore|iPhoneSimulator.Build.0 = Release|Any CPU
		{18D594EE-A3FD-4293-9906-7BAF1F3C12D2}.AppStore|x64.ActiveCfg = Release|Any CPU
		{18D594EE-A3FD-4293-9906-7BAF1F3C12D2}.AppStore|x64.Build.0 = Release|Any CPU
		{18D594EE-A3FD-4293-9906-7BAF1F3C12D2}.AppStore|x86.ActiveCfg = Release|Any CPU
		{18D594EE-A3FD-4293-9906-7BAF1F3C12D2}.AppStore|x86.Build.0 = Release|Any CPU
		{18D594EE-A3FD-4293-9906-7BAF1F3C12D2}.Debug|Any CPU.ActiveCfg = Debug|Any CPU
		{18D594EE-A3FD-4293-9906-7BAF1F3C12D2}.Debug|Any CPU.Build.0 = Debug|Any CPU
		{18D594EE-A3FD-4293-9906-7BAF1F3C12D2}.Debug|ARM.ActiveCfg = Debug|Any CPU
		{18D594EE-A3FD-4293-9906-7BAF1F3C12D2}.Debug|ARM.Build.0 = Debug|Any CPU
		{18D594EE-A3FD-4293-9906-7BAF1F3C12D2}.Debug|iPhone.ActiveCfg = Debug|Any CPU
		{18D594EE-A3FD-4293-9906-7BAF1F3C12D2}.Debug|iPhone.Build.0 = Debug|Any CPU
		{18D594EE-A3FD-4293-9906-7BAF1F3C12D2}.Debug|iPhoneSimulator.ActiveCfg = Debug|Any CPU
		{18D594EE-A3FD-4293-9906-7BAF1F3C12D2}.Debug|iPhoneSimulator.Build.0 = Debug|Any CPU
		{18D594EE-A3FD-4293-9906-7BAF1F3C12D2}.Debug|x64.ActiveCfg = Debug|Any CPU
		{18D594EE-A3FD-4293-9906-7BAF1F3C12D2}.Debug|x64.Build.0 = Debug|Any CPU
		{18D594EE-A3FD-4293-9906-7BAF1F3C12D2}.Debug|x86.ActiveCfg = Debug|Any CPU
		{18D594EE-A3FD-4293-9906-7BAF1F3C12D2}.Debug|x86.Build.0 = Debug|Any CPU
		{18D594EE-A3FD-4293-9906-7BAF1F3C12D2}.Release|Any CPU.ActiveCfg = Release|Any CPU
		{18D594EE-A3FD-4293-9906-7BAF1F3C12D2}.Release|Any CPU.Build.0 = Release|Any CPU
		{18D594EE-A3FD-4293-9906-7BAF1F3C12D2}.Release|ARM.ActiveCfg = Release|Any CPU
		{18D594EE-A3FD-4293-9906-7BAF1F3C12D2}.Release|ARM.Build.0 = Release|Any CPU
		{18D594EE-A3FD-4293-9906-7BAF1F3C12D2}.Release|iPhone.ActiveCfg = Release|Any CPU
		{18D594EE-A3FD-4293-9906-7BAF1F3C12D2}.Release|iPhone.Build.0 = Release|Any CPU
		{18D594EE-A3FD-4293-9906-7BAF1F3C12D2}.Release|iPhoneSimulator.ActiveCfg = Release|Any CPU
		{18D594EE-A3FD-4293-9906-7BAF1F3C12D2}.Release|iPhoneSimulator.Build.0 = Release|Any CPU
		{18D594EE-A3FD-4293-9906-7BAF1F3C12D2}.Release|x64.ActiveCfg = Release|Any CPU
		{18D594EE-A3FD-4293-9906-7BAF1F3C12D2}.Release|x64.Build.0 = Release|Any CPU
		{18D594EE-A3FD-4293-9906-7BAF1F3C12D2}.Release|x86.ActiveCfg = Release|Any CPU
		{18D594EE-A3FD-4293-9906-7BAF1F3C12D2}.Release|x86.Build.0 = Release|Any CPU
		{6FB37301-D4B6-4360-8953-FB98AE496DCE}.Ad-Hoc|Any CPU.ActiveCfg = Release|Any CPU
		{6FB37301-D4B6-4360-8953-FB98AE496DCE}.Ad-Hoc|Any CPU.Build.0 = Release|Any CPU
		{6FB37301-D4B6-4360-8953-FB98AE496DCE}.Ad-Hoc|ARM.ActiveCfg = Release|Any CPU
		{6FB37301-D4B6-4360-8953-FB98AE496DCE}.Ad-Hoc|ARM.Build.0 = Release|Any CPU
		{6FB37301-D4B6-4360-8953-FB98AE496DCE}.Ad-Hoc|iPhone.ActiveCfg = Release|Any CPU
		{6FB37301-D4B6-4360-8953-FB98AE496DCE}.Ad-Hoc|iPhone.Build.0 = Release|Any CPU
		{6FB37301-D4B6-4360-8953-FB98AE496DCE}.Ad-Hoc|iPhoneSimulator.ActiveCfg = Release|Any CPU
		{6FB37301-D4B6-4360-8953-FB98AE496DCE}.Ad-Hoc|iPhoneSimulator.Build.0 = Release|Any CPU
		{6FB37301-D4B6-4360-8953-FB98AE496DCE}.Ad-Hoc|x64.ActiveCfg = Release|Any CPU
		{6FB37301-D4B6-4360-8953-FB98AE496DCE}.Ad-Hoc|x64.Build.0 = Release|Any CPU
		{6FB37301-D4B6-4360-8953-FB98AE496DCE}.Ad-Hoc|x86.ActiveCfg = Release|Any CPU
		{6FB37301-D4B6-4360-8953-FB98AE496DCE}.Ad-Hoc|x86.Build.0 = Release|Any CPU
		{6FB37301-D4B6-4360-8953-FB98AE496DCE}.AppStore|Any CPU.ActiveCfg = Release|Any CPU
		{6FB37301-D4B6-4360-8953-FB98AE496DCE}.AppStore|Any CPU.Build.0 = Release|Any CPU
		{6FB37301-D4B6-4360-8953-FB98AE496DCE}.AppStore|ARM.ActiveCfg = Release|Any CPU
		{6FB37301-D4B6-4360-8953-FB98AE496DCE}.AppStore|ARM.Build.0 = Release|Any CPU
		{6FB37301-D4B6-4360-8953-FB98AE496DCE}.AppStore|iPhone.ActiveCfg = Release|Any CPU
		{6FB37301-D4B6-4360-8953-FB98AE496DCE}.AppStore|iPhone.Build.0 = Release|Any CPU
		{6FB37301-D4B6-4360-8953-FB98AE496DCE}.AppStore|iPhoneSimulator.ActiveCfg = Release|Any CPU
		{6FB37301-D4B6-4360-8953-FB98AE496DCE}.AppStore|iPhoneSimulator.Build.0 = Release|Any CPU
		{6FB37301-D4B6-4360-8953-FB98AE496DCE}.AppStore|x64.ActiveCfg = Release|Any CPU
		{6FB37301-D4B6-4360-8953-FB98AE496DCE}.AppStore|x64.Build.0 = Release|Any CPU
		{6FB37301-D4B6-4360-8953-FB98AE496DCE}.AppStore|x86.ActiveCfg = Release|Any CPU
		{6FB37301-D4B6-4360-8953-FB98AE496DCE}.AppStore|x86.Build.0 = Release|Any CPU
		{6FB37301-D4B6-4360-8953-FB98AE496DCE}.Debug|Any CPU.ActiveCfg = Debug|Any CPU
		{6FB37301-D4B6-4360-8953-FB98AE496DCE}.Debug|Any CPU.Build.0 = Debug|Any CPU
		{6FB37301-D4B6-4360-8953-FB98AE496DCE}.Debug|ARM.ActiveCfg = Debug|Any CPU
		{6FB37301-D4B6-4360-8953-FB98AE496DCE}.Debug|ARM.Build.0 = Debug|Any CPU
		{6FB37301-D4B6-4360-8953-FB98AE496DCE}.Debug|iPhone.ActiveCfg = Debug|Any CPU
		{6FB37301-D4B6-4360-8953-FB98AE496DCE}.Debug|iPhone.Build.0 = Debug|Any CPU
		{6FB37301-D4B6-4360-8953-FB98AE496DCE}.Debug|iPhoneSimulator.ActiveCfg = Debug|Any CPU
		{6FB37301-D4B6-4360-8953-FB98AE496DCE}.Debug|iPhoneSimulator.Build.0 = Debug|Any CPU
		{6FB37301-D4B6-4360-8953-FB98AE496DCE}.Debug|x64.ActiveCfg = Debug|Any CPU
		{6FB37301-D4B6-4360-8953-FB98AE496DCE}.Debug|x64.Build.0 = Debug|Any CPU
		{6FB37301-D4B6-4360-8953-FB98AE496DCE}.Debug|x86.ActiveCfg = Debug|Any CPU
		{6FB37301-D4B6-4360-8953-FB98AE496DCE}.Debug|x86.Build.0 = Debug|Any CPU
		{6FB37301-D4B6-4360-8953-FB98AE496DCE}.Release|Any CPU.ActiveCfg = Release|Any CPU
		{6FB37301-D4B6-4360-8953-FB98AE496DCE}.Release|Any CPU.Build.0 = Release|Any CPU
		{6FB37301-D4B6-4360-8953-FB98AE496DCE}.Release|ARM.ActiveCfg = Release|Any CPU
		{6FB37301-D4B6-4360-8953-FB98AE496DCE}.Release|ARM.Build.0 = Release|Any CPU
		{6FB37301-D4B6-4360-8953-FB98AE496DCE}.Release|iPhone.ActiveCfg = Release|Any CPU
		{6FB37301-D4B6-4360-8953-FB98AE496DCE}.Release|iPhone.Build.0 = Release|Any CPU
		{6FB37301-D4B6-4360-8953-FB98AE496DCE}.Release|iPhoneSimulator.ActiveCfg = Release|Any CPU
		{6FB37301-D4B6-4360-8953-FB98AE496DCE}.Release|iPhoneSimulator.Build.0 = Release|Any CPU
		{6FB37301-D4B6-4360-8953-FB98AE496DCE}.Release|x64.ActiveCfg = Release|Any CPU
		{6FB37301-D4B6-4360-8953-FB98AE496DCE}.Release|x64.Build.0 = Release|Any CPU
		{6FB37301-D4B6-4360-8953-FB98AE496DCE}.Release|x86.ActiveCfg = Release|Any CPU
		{6FB37301-D4B6-4360-8953-FB98AE496DCE}.Release|x86.Build.0 = Release|Any CPU
		{756F4109-342F-4676-A9C1-50F8426DBC47}.Ad-Hoc|Any CPU.ActiveCfg = Release|Any CPU
		{756F4109-342F-4676-A9C1-50F8426DBC47}.Ad-Hoc|Any CPU.Build.0 = Release|Any CPU
		{756F4109-342F-4676-A9C1-50F8426DBC47}.Ad-Hoc|Any CPU.Deploy.0 = Release|Any CPU
		{756F4109-342F-4676-A9C1-50F8426DBC47}.Ad-Hoc|ARM.ActiveCfg = Release|Any CPU
		{756F4109-342F-4676-A9C1-50F8426DBC47}.Ad-Hoc|ARM.Build.0 = Release|Any CPU
		{756F4109-342F-4676-A9C1-50F8426DBC47}.Ad-Hoc|ARM.Deploy.0 = Release|Any CPU
		{756F4109-342F-4676-A9C1-50F8426DBC47}.Ad-Hoc|iPhone.ActiveCfg = Release|Any CPU
		{756F4109-342F-4676-A9C1-50F8426DBC47}.Ad-Hoc|iPhone.Build.0 = Release|Any CPU
		{756F4109-342F-4676-A9C1-50F8426DBC47}.Ad-Hoc|iPhone.Deploy.0 = Release|Any CPU
		{756F4109-342F-4676-A9C1-50F8426DBC47}.Ad-Hoc|iPhoneSimulator.ActiveCfg = Release|Any CPU
		{756F4109-342F-4676-A9C1-50F8426DBC47}.Ad-Hoc|iPhoneSimulator.Build.0 = Release|Any CPU
		{756F4109-342F-4676-A9C1-50F8426DBC47}.Ad-Hoc|iPhoneSimulator.Deploy.0 = Release|Any CPU
		{756F4109-342F-4676-A9C1-50F8426DBC47}.Ad-Hoc|x64.ActiveCfg = Release|Any CPU
		{756F4109-342F-4676-A9C1-50F8426DBC47}.Ad-Hoc|x64.Build.0 = Release|Any CPU
		{756F4109-342F-4676-A9C1-50F8426DBC47}.Ad-Hoc|x64.Deploy.0 = Release|Any CPU
		{756F4109-342F-4676-A9C1-50F8426DBC47}.Ad-Hoc|x86.ActiveCfg = Release|Any CPU
		{756F4109-342F-4676-A9C1-50F8426DBC47}.Ad-Hoc|x86.Build.0 = Release|Any CPU
		{756F4109-342F-4676-A9C1-50F8426DBC47}.Ad-Hoc|x86.Deploy.0 = Release|Any CPU
		{756F4109-342F-4676-A9C1-50F8426DBC47}.AppStore|Any CPU.ActiveCfg = Release|Any CPU
		{756F4109-342F-4676-A9C1-50F8426DBC47}.AppStore|Any CPU.Build.0 = Release|Any CPU
		{756F4109-342F-4676-A9C1-50F8426DBC47}.AppStore|Any CPU.Deploy.0 = Release|Any CPU
		{756F4109-342F-4676-A9C1-50F8426DBC47}.AppStore|ARM.ActiveCfg = Release|Any CPU
		{756F4109-342F-4676-A9C1-50F8426DBC47}.AppStore|ARM.Build.0 = Release|Any CPU
		{756F4109-342F-4676-A9C1-50F8426DBC47}.AppStore|ARM.Deploy.0 = Release|Any CPU
		{756F4109-342F-4676-A9C1-50F8426DBC47}.AppStore|iPhone.ActiveCfg = Release|Any CPU
		{756F4109-342F-4676-A9C1-50F8426DBC47}.AppStore|iPhone.Build.0 = Release|Any CPU
		{756F4109-342F-4676-A9C1-50F8426DBC47}.AppStore|iPhone.Deploy.0 = Release|Any CPU
		{756F4109-342F-4676-A9C1-50F8426DBC47}.AppStore|iPhoneSimulator.ActiveCfg = Release|Any CPU
		{756F4109-342F-4676-A9C1-50F8426DBC47}.AppStore|iPhoneSimulator.Build.0 = Release|Any CPU
		{756F4109-342F-4676-A9C1-50F8426DBC47}.AppStore|iPhoneSimulator.Deploy.0 = Release|Any CPU
		{756F4109-342F-4676-A9C1-50F8426DBC47}.AppStore|x64.ActiveCfg = Release|Any CPU
		{756F4109-342F-4676-A9C1-50F8426DBC47}.AppStore|x64.Build.0 = Release|Any CPU
		{756F4109-342F-4676-A9C1-50F8426DBC47}.AppStore|x64.Deploy.0 = Release|Any CPU
		{756F4109-342F-4676-A9C1-50F8426DBC47}.AppStore|x86.ActiveCfg = Release|Any CPU
		{756F4109-342F-4676-A9C1-50F8426DBC47}.AppStore|x86.Build.0 = Release|Any CPU
		{756F4109-342F-4676-A9C1-50F8426DBC47}.AppStore|x86.Deploy.0 = Release|Any CPU
		{756F4109-342F-4676-A9C1-50F8426DBC47}.Debug|Any CPU.ActiveCfg = Debug|Any CPU
		{756F4109-342F-4676-A9C1-50F8426DBC47}.Debug|Any CPU.Build.0 = Debug|Any CPU
		{756F4109-342F-4676-A9C1-50F8426DBC47}.Debug|Any CPU.Deploy.0 = Debug|Any CPU
		{756F4109-342F-4676-A9C1-50F8426DBC47}.Debug|ARM.ActiveCfg = Debug|Any CPU
		{756F4109-342F-4676-A9C1-50F8426DBC47}.Debug|ARM.Build.0 = Debug|Any CPU
		{756F4109-342F-4676-A9C1-50F8426DBC47}.Debug|ARM.Deploy.0 = Debug|Any CPU
		{756F4109-342F-4676-A9C1-50F8426DBC47}.Debug|iPhone.ActiveCfg = Debug|Any CPU
		{756F4109-342F-4676-A9C1-50F8426DBC47}.Debug|iPhone.Build.0 = Debug|Any CPU
		{756F4109-342F-4676-A9C1-50F8426DBC47}.Debug|iPhone.Deploy.0 = Debug|Any CPU
		{756F4109-342F-4676-A9C1-50F8426DBC47}.Debug|iPhoneSimulator.ActiveCfg = Debug|Any CPU
		{756F4109-342F-4676-A9C1-50F8426DBC47}.Debug|iPhoneSimulator.Build.0 = Debug|Any CPU
		{756F4109-342F-4676-A9C1-50F8426DBC47}.Debug|iPhoneSimulator.Deploy.0 = Debug|Any CPU
		{756F4109-342F-4676-A9C1-50F8426DBC47}.Debug|x64.ActiveCfg = Debug|Any CPU
		{756F4109-342F-4676-A9C1-50F8426DBC47}.Debug|x64.Build.0 = Debug|Any CPU
		{756F4109-342F-4676-A9C1-50F8426DBC47}.Debug|x64.Deploy.0 = Debug|Any CPU
		{756F4109-342F-4676-A9C1-50F8426DBC47}.Debug|x86.ActiveCfg = Debug|Any CPU
		{756F4109-342F-4676-A9C1-50F8426DBC47}.Debug|x86.Build.0 = Debug|Any CPU
		{756F4109-342F-4676-A9C1-50F8426DBC47}.Debug|x86.Deploy.0 = Debug|Any CPU
		{756F4109-342F-4676-A9C1-50F8426DBC47}.Release|Any CPU.ActiveCfg = Release|Any CPU
		{756F4109-342F-4676-A9C1-50F8426DBC47}.Release|Any CPU.Build.0 = Release|Any CPU
		{756F4109-342F-4676-A9C1-50F8426DBC47}.Release|Any CPU.Deploy.0 = Release|Any CPU
		{756F4109-342F-4676-A9C1-50F8426DBC47}.Release|ARM.ActiveCfg = Release|Any CPU
		{756F4109-342F-4676-A9C1-50F8426DBC47}.Release|ARM.Build.0 = Release|Any CPU
		{756F4109-342F-4676-A9C1-50F8426DBC47}.Release|ARM.Deploy.0 = Release|Any CPU
		{756F4109-342F-4676-A9C1-50F8426DBC47}.Release|iPhone.ActiveCfg = Release|Any CPU
		{756F4109-342F-4676-A9C1-50F8426DBC47}.Release|iPhone.Build.0 = Release|Any CPU
		{756F4109-342F-4676-A9C1-50F8426DBC47}.Release|iPhone.Deploy.0 = Release|Any CPU
		{756F4109-342F-4676-A9C1-50F8426DBC47}.Release|iPhoneSimulator.ActiveCfg = Release|Any CPU
		{756F4109-342F-4676-A9C1-50F8426DBC47}.Release|iPhoneSimulator.Build.0 = Release|Any CPU
		{756F4109-342F-4676-A9C1-50F8426DBC47}.Release|iPhoneSimulator.Deploy.0 = Release|Any CPU
		{756F4109-342F-4676-A9C1-50F8426DBC47}.Release|x64.ActiveCfg = Release|Any CPU
		{756F4109-342F-4676-A9C1-50F8426DBC47}.Release|x64.Build.0 = Release|Any CPU
		{756F4109-342F-4676-A9C1-50F8426DBC47}.Release|x64.Deploy.0 = Release|Any CPU
		{756F4109-342F-4676-A9C1-50F8426DBC47}.Release|x86.ActiveCfg = Release|Any CPU
		{756F4109-342F-4676-A9C1-50F8426DBC47}.Release|x86.Build.0 = Release|Any CPU
		{756F4109-342F-4676-A9C1-50F8426DBC47}.Release|x86.Deploy.0 = Release|Any CPU
		{82D49208-3907-4642-8705-3D711F7F83D3}.Ad-Hoc|Any CPU.ActiveCfg = Release|Any CPU
		{82D49208-3907-4642-8705-3D711F7F83D3}.Ad-Hoc|Any CPU.Build.0 = Release|Any CPU
		{82D49208-3907-4642-8705-3D711F7F83D3}.Ad-Hoc|ARM.ActiveCfg = Release|Any CPU
		{82D49208-3907-4642-8705-3D711F7F83D3}.Ad-Hoc|ARM.Build.0 = Release|Any CPU
		{82D49208-3907-4642-8705-3D711F7F83D3}.Ad-Hoc|iPhone.ActiveCfg = Release|Any CPU
		{82D49208-3907-4642-8705-3D711F7F83D3}.Ad-Hoc|iPhone.Build.0 = Release|Any CPU
		{82D49208-3907-4642-8705-3D711F7F83D3}.Ad-Hoc|iPhoneSimulator.ActiveCfg = Release|Any CPU
		{82D49208-3907-4642-8705-3D711F7F83D3}.Ad-Hoc|iPhoneSimulator.Build.0 = Release|Any CPU
		{82D49208-3907-4642-8705-3D711F7F83D3}.Ad-Hoc|x64.ActiveCfg = Release|Any CPU
		{82D49208-3907-4642-8705-3D711F7F83D3}.Ad-Hoc|x64.Build.0 = Release|Any CPU
		{82D49208-3907-4642-8705-3D711F7F83D3}.Ad-Hoc|x86.ActiveCfg = Release|Any CPU
		{82D49208-3907-4642-8705-3D711F7F83D3}.Ad-Hoc|x86.Build.0 = Release|Any CPU
		{82D49208-3907-4642-8705-3D711F7F83D3}.AppStore|Any CPU.ActiveCfg = Release|Any CPU
		{82D49208-3907-4642-8705-3D711F7F83D3}.AppStore|Any CPU.Build.0 = Release|Any CPU
		{82D49208-3907-4642-8705-3D711F7F83D3}.AppStore|ARM.ActiveCfg = Release|Any CPU
		{82D49208-3907-4642-8705-3D711F7F83D3}.AppStore|ARM.Build.0 = Release|Any CPU
		{82D49208-3907-4642-8705-3D711F7F83D3}.AppStore|iPhone.ActiveCfg = Release|Any CPU
		{82D49208-3907-4642-8705-3D711F7F83D3}.AppStore|iPhone.Build.0 = Release|Any CPU
		{82D49208-3907-4642-8705-3D711F7F83D3}.AppStore|iPhoneSimulator.ActiveCfg = Release|Any CPU
		{82D49208-3907-4642-8705-3D711F7F83D3}.AppStore|iPhoneSimulator.Build.0 = Release|Any CPU
		{82D49208-3907-4642-8705-3D711F7F83D3}.AppStore|x64.ActiveCfg = Release|Any CPU
		{82D49208-3907-4642-8705-3D711F7F83D3}.AppStore|x64.Build.0 = Release|Any CPU
		{82D49208-3907-4642-8705-3D711F7F83D3}.AppStore|x86.ActiveCfg = Release|Any CPU
		{82D49208-3907-4642-8705-3D711F7F83D3}.AppStore|x86.Build.0 = Release|Any CPU
		{82D49208-3907-4642-8705-3D711F7F83D3}.Debug|Any CPU.ActiveCfg = Debug|Any CPU
		{82D49208-3907-4642-8705-3D711F7F83D3}.Debug|Any CPU.Build.0 = Debug|Any CPU
		{82D49208-3907-4642-8705-3D711F7F83D3}.Debug|ARM.ActiveCfg = Debug|Any CPU
		{82D49208-3907-4642-8705-3D711F7F83D3}.Debug|ARM.Build.0 = Debug|Any CPU
		{82D49208-3907-4642-8705-3D711F7F83D3}.Debug|iPhone.ActiveCfg = Debug|Any CPU
		{82D49208-3907-4642-8705-3D711F7F83D3}.Debug|iPhone.Build.0 = Debug|Any CPU
		{82D49208-3907-4642-8705-3D711F7F83D3}.Debug|iPhoneSimulator.ActiveCfg = Debug|Any CPU
		{82D49208-3907-4642-8705-3D711F7F83D3}.Debug|iPhoneSimulator.Build.0 = Debug|Any CPU
		{82D49208-3907-4642-8705-3D711F7F83D3}.Debug|x64.ActiveCfg = Debug|Any CPU
		{82D49208-3907-4642-8705-3D711F7F83D3}.Debug|x64.Build.0 = Debug|Any CPU
		{82D49208-3907-4642-8705-3D711F7F83D3}.Debug|x86.ActiveCfg = Debug|Any CPU
		{82D49208-3907-4642-8705-3D711F7F83D3}.Debug|x86.Build.0 = Debug|Any CPU
		{82D49208-3907-4642-8705-3D711F7F83D3}.Release|Any CPU.ActiveCfg = Release|Any CPU
		{82D49208-3907-4642-8705-3D711F7F83D3}.Release|Any CPU.Build.0 = Release|Any CPU
		{82D49208-3907-4642-8705-3D711F7F83D3}.Release|ARM.ActiveCfg = Release|Any CPU
		{82D49208-3907-4642-8705-3D711F7F83D3}.Release|ARM.Build.0 = Release|Any CPU
		{82D49208-3907-4642-8705-3D711F7F83D3}.Release|iPhone.ActiveCfg = Release|Any CPU
		{82D49208-3907-4642-8705-3D711F7F83D3}.Release|iPhone.Build.0 = Release|Any CPU
		{82D49208-3907-4642-8705-3D711F7F83D3}.Release|iPhoneSimulator.ActiveCfg = Release|Any CPU
		{82D49208-3907-4642-8705-3D711F7F83D3}.Release|iPhoneSimulator.Build.0 = Release|Any CPU
		{82D49208-3907-4642-8705-3D711F7F83D3}.Release|x64.ActiveCfg = Release|Any CPU
		{82D49208-3907-4642-8705-3D711F7F83D3}.Release|x64.Build.0 = Release|Any CPU
		{82D49208-3907-4642-8705-3D711F7F83D3}.Release|x86.ActiveCfg = Release|Any CPU
		{82D49208-3907-4642-8705-3D711F7F83D3}.Release|x86.Build.0 = Release|Any CPU
	EndGlobalSection
	GlobalSection(SolutionProperties) = preSolution
		HideSolutionNode = FALSE
	EndGlobalSection
	GlobalSection(NestedProjects) = preSolution
		{BAED6479-EC26-45E2-8840-19FA09AF6DD8} = {A6C0D03F-1028-4689-B1EE-9358F51F7E56}
		{EC910A61-7FC2-48AB-A9C3-2F310F510412} = {A6C0D03F-1028-4689-B1EE-9358F51F7E56}
		{18D594EE-A3FD-4293-9906-7BAF1F3C12D2} = {C97D2686-928F-497C-81A3-36D05D969ED7}
		{6FB37301-D4B6-4360-8953-FB98AE496DCE} = {C97D2686-928F-497C-81A3-36D05D969ED7}
		{756F4109-342F-4676-A9C1-50F8426DBC47} = {C97D2686-928F-497C-81A3-36D05D969ED7}
		{82D49208-3907-4642-8705-3D711F7F83D3} = {C97D2686-928F-497C-81A3-36D05D969ED7}
	EndGlobalSection
EndGlobal
